// !$*UTF8*$!
{
	archiveVersion = 1;
	classes = {
	};
	objectVersion = 46;
	objects = {

/* Begin PBXBuildFile section */
		176312A874DF86D8F3B7B93D /* libPods.a in Frameworks */ = {isa = PBXBuildFile; fileRef = 5793DA658733CE71123A4DA3 /* libPods.a */; };
		7DAA57681CD0097000C0DAAC /* main.m in Sources */ = {isa = PBXBuildFile; fileRef = 7DAA57671CD0097000C0DAAC /* main.m */; };
		7DAA576B1CD0097000C0DAAC /* AppDelegate.m in Sources */ = {isa = PBXBuildFile; fileRef = 7DAA576A1CD0097000C0DAAC /* AppDelegate.m */; };
		7DAA57711CD0097000C0DAAC /* Main.storyboard in Resources */ = {isa = PBXBuildFile; fileRef = 7DAA576F1CD0097000C0DAAC /* Main.storyboard */; };
		7DAA57731CD0097000C0DAAC /* Assets.xcassets in Resources */ = {isa = PBXBuildFile; fileRef = 7DAA57721CD0097000C0DAAC /* Assets.xcassets */; };
		7DAA57761CD0097000C0DAAC /* LaunchScreen.storyboard in Resources */ = {isa = PBXBuildFile; fileRef = 7DAA57741CD0097000C0DAAC /* LaunchScreen.storyboard */; };
		7DAA57811CD0097000C0DAAC /* SinTraficoRouteAPIDemoTests.m in Sources */ = {isa = PBXBuildFile; fileRef = 7DAA57801CD0097000C0DAAC /* SinTraficoRouteAPIDemoTests.m */; };
		7DAA578C1CD0097000C0DAAC /* SinTraficoRouteAPIDemoUITests.m in Sources */ = {isa = PBXBuildFile; fileRef = 7DAA578B1CD0097000C0DAAC /* SinTraficoRouteAPIDemoUITests.m */; };
		7DAA579A1CD00C2D00C0DAAC /* MapKit.framework in Frameworks */ = {isa = PBXBuildFile; fileRef = 7DAA57991CD00C2D00C0DAAC /* MapKit.framework */; };
		7DAA579D1CD00F1C00C0DAAC /* MapViewController.m in Sources */ = {isa = PBXBuildFile; fileRef = 7DAA579C1CD00F1C00C0DAAC /* MapViewController.m */; };
		7DAA579E1CD00F1C00C0DAAC /* MapViewController.m in Sources */ = {isa = PBXBuildFile; fileRef = 7DAA579C1CD00F1C00C0DAAC /* MapViewController.m */; };
		7DAA579F1CD00F1C00C0DAAC /* MapViewController.m in Sources */ = {isa = PBXBuildFile; fileRef = 7DAA579C1CD00F1C00C0DAAC /* MapViewController.m */; };
		7DAA57A11CD0168200C0DAAC /* STLocation.m in Sources */ = {isa = PBXBuildFile; fileRef = 7DAA57A01CD0168200C0DAAC /* STLocation.m */; };
		7DAA57A21CD0168200C0DAAC /* STLocation.m in Sources */ = {isa = PBXBuildFile; fileRef = 7DAA57A01CD0168200C0DAAC /* STLocation.m */; };
		7DAA57A31CD0168200C0DAAC /* STLocation.m in Sources */ = {isa = PBXBuildFile; fileRef = 7DAA57A01CD0168200C0DAAC /* STLocation.m */; };
		7DAA57AC1CD1243C00C0DAAC /* STRouteOptions.m in Sources */ = {isa = PBXBuildFile; fileRef = 7DAA57AB1CD1243C00C0DAAC /* STRouteOptions.m */; };
		7DAA57AD1CD1243C00C0DAAC /* STRouteOptions.m in Sources */ = {isa = PBXBuildFile; fileRef = 7DAA57AB1CD1243C00C0DAAC /* STRouteOptions.m */; };
		7DAA57AE1CD1243C00C0DAAC /* STRouteOptions.m in Sources */ = {isa = PBXBuildFile; fileRef = 7DAA57AB1CD1243C00C0DAAC /* STRouteOptions.m */; };
		7DAA57B91CD1351200C0DAAC /* STRouteNetworking.m in Sources */ = {isa = PBXBuildFile; fileRef = 7DAA57B81CD1351200C0DAAC /* STRouteNetworking.m */; };
		7DAA57BA1CD1351200C0DAAC /* STRouteNetworking.m in Sources */ = {isa = PBXBuildFile; fileRef = 7DAA57B81CD1351200C0DAAC /* STRouteNetworking.m */; };
/* End PBXBuildFile section */

/* Begin PBXContainerItemProxy section */
		7DAA577D1CD0097000C0DAAC /* PBXContainerItemProxy */ = {
			isa = PBXContainerItemProxy;
			containerPortal = 7DAA575B1CD0097000C0DAAC /* Project object */;
			proxyType = 1;
			remoteGlobalIDString = 7DAA57621CD0097000C0DAAC;
			remoteInfo = SinTraficoRouteAPIDemo;
		};
		7DAA57881CD0097000C0DAAC /* PBXContainerItemProxy */ = {
			isa = PBXContainerItemProxy;
			containerPortal = 7DAA575B1CD0097000C0DAAC /* Project object */;
			proxyType = 1;
			remoteGlobalIDString = 7DAA57621CD0097000C0DAAC;
			remoteInfo = SinTraficoRouteAPIDemo;
		};
/* End PBXContainerItemProxy section */

/* Begin PBXFileReference section */
		32711DB3C7FB2E15AF8EF34B /* Pods.release.xcconfig */ = {isa = PBXFileReference; includeInIndex = 1; lastKnownFileType = text.xcconfig; name = Pods.release.xcconfig; path = "../Pods/Target Support Files/Pods/Pods.release.xcconfig"; sourceTree = "<group>"; };
		5793DA658733CE71123A4DA3 /* libPods.a */ = {isa = PBXFileReference; explicitFileType = archive.ar; includeInIndex = 0; path = libPods.a; sourceTree = BUILT_PRODUCTS_DIR; };
		7DAA57631CD0097000C0DAAC /* SinTraficoRouteAPIDemo.app */ = {isa = PBXFileReference; explicitFileType = wrapper.application; includeInIndex = 0; path = SinTraficoRouteAPIDemo.app; sourceTree = BUILT_PRODUCTS_DIR; };
		7DAA57671CD0097000C0DAAC /* main.m */ = {isa = PBXFileReference; lastKnownFileType = sourcecode.c.objc; path = main.m; sourceTree = "<group>"; };
		7DAA57691CD0097000C0DAAC /* AppDelegate.h */ = {isa = PBXFileReference; lastKnownFileType = sourcecode.c.h; path = AppDelegate.h; sourceTree = "<group>"; };
		7DAA576A1CD0097000C0DAAC /* AppDelegate.m */ = {isa = PBXFileReference; lastKnownFileType = sourcecode.c.objc; path = AppDelegate.m; sourceTree = "<group>"; };
		7DAA57701CD0097000C0DAAC /* Base */ = {isa = PBXFileReference; lastKnownFileType = file.storyboard; name = Base; path = Base.lproj/Main.storyboard; sourceTree = "<group>"; };
		7DAA57721CD0097000C0DAAC /* Assets.xcassets */ = {isa = PBXFileReference; lastKnownFileType = folder.assetcatalog; path = Assets.xcassets; sourceTree = "<group>"; };
		7DAA57751CD0097000C0DAAC /* Base */ = {isa = PBXFileReference; lastKnownFileType = file.storyboard; name = Base; path = Base.lproj/LaunchScreen.storyboard; sourceTree = "<group>"; };
		7DAA57771CD0097000C0DAAC /* Info.plist */ = {isa = PBXFileReference; lastKnownFileType = text.plist.xml; path = Info.plist; sourceTree = "<group>"; };
		7DAA577C1CD0097000C0DAAC /* SinTraficoRouteAPIDemoTests.xctest */ = {isa = PBXFileReference; explicitFileType = wrapper.cfbundle; includeInIndex = 0; path = SinTraficoRouteAPIDemoTests.xctest; sourceTree = BUILT_PRODUCTS_DIR; };
		7DAA57801CD0097000C0DAAC /* SinTraficoRouteAPIDemoTests.m */ = {isa = PBXFileReference; lastKnownFileType = sourcecode.c.objc; path = SinTraficoRouteAPIDemoTests.m; sourceTree = "<group>"; };
		7DAA57821CD0097000C0DAAC /* Info.plist */ = {isa = PBXFileReference; lastKnownFileType = text.plist.xml; path = Info.plist; sourceTree = "<group>"; };
		7DAA57871CD0097000C0DAAC /* SinTraficoRouteAPIDemoUITests.xctest */ = {isa = PBXFileReference; explicitFileType = wrapper.cfbundle; includeInIndex = 0; path = SinTraficoRouteAPIDemoUITests.xctest; sourceTree = BUILT_PRODUCTS_DIR; };
		7DAA578B1CD0097000C0DAAC /* SinTraficoRouteAPIDemoUITests.m */ = {isa = PBXFileReference; lastKnownFileType = sourcecode.c.objc; path = SinTraficoRouteAPIDemoUITests.m; sourceTree = "<group>"; };
		7DAA578D1CD0097000C0DAAC /* Info.plist */ = {isa = PBXFileReference; lastKnownFileType = text.plist.xml; path = Info.plist; sourceTree = "<group>"; };
		7DAA57991CD00C2D00C0DAAC /* MapKit.framework */ = {isa = PBXFileReference; lastKnownFileType = wrapper.framework; name = MapKit.framework; path = System/Library/Frameworks/MapKit.framework; sourceTree = SDKROOT; };
		7DAA579B1CD00F1C00C0DAAC /* MapViewController.h */ = {isa = PBXFileReference; fileEncoding = 4; lastKnownFileType = sourcecode.c.h; path = MapViewController.h; sourceTree = "<group>"; };
		7DAA579C1CD00F1C00C0DAAC /* MapViewController.m */ = {isa = PBXFileReference; fileEncoding = 4; lastKnownFileType = sourcecode.c.objc; path = MapViewController.m; sourceTree = "<group>"; };
		7DAA57A01CD0168200C0DAAC /* STLocation.m */ = {isa = PBXFileReference; fileEncoding = 4; lastKnownFileType = sourcecode.c.objc; path = STLocation.m; sourceTree = "<group>"; };
		7DAA57A41CD016A000C0DAAC /* STLocation.h */ = {isa = PBXFileReference; lastKnownFileType = sourcecode.c.h; path = STLocation.h; sourceTree = "<group>"; };
		7DAA57AA1CD1243C00C0DAAC /* STRouteOptions.h */ = {isa = PBXFileReference; fileEncoding = 4; lastKnownFileType = sourcecode.c.h; path = STRouteOptions.h; sourceTree = "<group>"; };
		7DAA57AB1CD1243C00C0DAAC /* STRouteOptions.m */ = {isa = PBXFileReference; fileEncoding = 4; lastKnownFileType = sourcecode.c.objc; path = STRouteOptions.m; sourceTree = "<group>"; };
		7DAA57B71CD1351200C0DAAC /* STRouteNetworking.h */ = {isa = PBXFileReference; fileEncoding = 4; lastKnownFileType = sourcecode.c.h; path = STRouteNetworking.h; sourceTree = "<group>"; };
		7DAA57B81CD1351200C0DAAC /* STRouteNetworking.m */ = {isa = PBXFileReference; fileEncoding = 4; lastKnownFileType = sourcecode.c.objc; path = STRouteNetworking.m; sourceTree = "<group>"; };
		9B1881297343D270A1E7448C /* Pods.debug.xcconfig */ = {isa = PBXFileReference; includeInIndex = 1; lastKnownFileType = text.xcconfig; name = Pods.debug.xcconfig; path = "../Pods/Target Support Files/Pods/Pods.debug.xcconfig"; sourceTree = "<group>"; };
/* End PBXFileReference section */

/* Begin PBXFrameworksBuildPhase section */
		7DAA57601CD0097000C0DAAC /* Frameworks */ = {
			isa = PBXFrameworksBuildPhase;
			buildActionMask = 2147483647;
			files = (
				7DAA579A1CD00C2D00C0DAAC /* MapKit.framework in Frameworks */,
				176312A874DF86D8F3B7B93D /* libPods.a in Frameworks */,
			);
			runOnlyForDeploymentPostprocessing = 0;
		};
		7DAA57791CD0097000C0DAAC /* Frameworks */ = {
			isa = PBXFrameworksBuildPhase;
			buildActionMask = 2147483647;
			files = (
			);
			runOnlyForDeploymentPostprocessing = 0;
		};
		7DAA57841CD0097000C0DAAC /* Frameworks */ = {
			isa = PBXFrameworksBuildPhase;
			buildActionMask = 2147483647;
			files = (
			);
			runOnlyForDeploymentPostprocessing = 0;
		};
/* End PBXFrameworksBuildPhase section */

/* Begin PBXGroup section */
		14184E115AD0AD701BB0CFD5 /* Pods */ = {
			isa = PBXGroup;
			children = (
				9B1881297343D270A1E7448C /* Pods.debug.xcconfig */,
				32711DB3C7FB2E15AF8EF34B /* Pods.release.xcconfig */,
			);
			name = Pods;
			sourceTree = "<group>";
		};
		7DAA575A1CD0097000C0DAAC = {
			isa = PBXGroup;
			children = (
				7DAA57651CD0097000C0DAAC /* SinTraficoRouteAPIDemo */,
				7DAA577F1CD0097000C0DAAC /* SinTraficoRouteAPIDemoTests */,
				7DAA578A1CD0097000C0DAAC /* SinTraficoRouteAPIDemoUITests */,
				7DAA57641CD0097000C0DAAC /* Products */,
				7DAA57991CD00C2D00C0DAAC /* MapKit.framework */,
				14184E115AD0AD701BB0CFD5 /* Pods */,
				84D57F1D0382AAECAD92E07A /* Frameworks */,
			);
			sourceTree = "<group>";
		};
		7DAA57641CD0097000C0DAAC /* Products */ = {
			isa = PBXGroup;
			children = (
				7DAA57631CD0097000C0DAAC /* SinTraficoRouteAPIDemo.app */,
				7DAA577C1CD0097000C0DAAC /* SinTraficoRouteAPIDemoTests.xctest */,
				7DAA57871CD0097000C0DAAC /* SinTraficoRouteAPIDemoUITests.xctest */,
			);
			name = Products;
			sourceTree = "<group>";
		};
		7DAA57651CD0097000C0DAAC /* SinTraficoRouteAPIDemo */ = {
			isa = PBXGroup;
			children = (
				7DAA57691CD0097000C0DAAC /* AppDelegate.h */,
				7DAA576A1CD0097000C0DAAC /* AppDelegate.m */,
				7DAA576F1CD0097000C0DAAC /* Main.storyboard */,
				7DAA579B1CD00F1C00C0DAAC /* MapViewController.h */,
				7DAA579C1CD00F1C00C0DAAC /* MapViewController.m */,
				7DAA57AA1CD1243C00C0DAAC /* STRouteOptions.h */,
				7DAA57AB1CD1243C00C0DAAC /* STRouteOptions.m */,
				7DAA57B71CD1351200C0DAAC /* STRouteNetworking.h */,
				7DAA57B81CD1351200C0DAAC /* STRouteNetworking.m */,
				7DAA57A41CD016A000C0DAAC /* STLocation.h */,
				7DAA57A01CD0168200C0DAAC /* STLocation.m */,
				7DAA57721CD0097000C0DAAC /* Assets.xcassets */,
				7DAA57741CD0097000C0DAAC /* LaunchScreen.storyboard */,
				7DAA57771CD0097000C0DAAC /* Info.plist */,
				7DAA57661CD0097000C0DAAC /* Supporting Files */,
			);
			path = SinTraficoRouteAPIDemo;
			sourceTree = "<group>";
		};
		7DAA57661CD0097000C0DAAC /* Supporting Files */ = {
			isa = PBXGroup;
			children = (
				7DAA57671CD0097000C0DAAC /* main.m */,
			);
			name = "Supporting Files";
			sourceTree = "<group>";
		};
		7DAA577F1CD0097000C0DAAC /* SinTraficoRouteAPIDemoTests */ = {
			isa = PBXGroup;
			children = (
				7DAA57801CD0097000C0DAAC /* SinTraficoRouteAPIDemoTests.m */,
				7DAA57821CD0097000C0DAAC /* Info.plist */,
			);
			path = SinTraficoRouteAPIDemoTests;
			sourceTree = "<group>";
		};
		7DAA578A1CD0097000C0DAAC /* SinTraficoRouteAPIDemoUITests */ = {
			isa = PBXGroup;
			children = (
				7DAA578B1CD0097000C0DAAC /* SinTraficoRouteAPIDemoUITests.m */,
				7DAA578D1CD0097000C0DAAC /* Info.plist */,
			);
			path = SinTraficoRouteAPIDemoUITests;
			sourceTree = "<group>";
		};
		84D57F1D0382AAECAD92E07A /* Frameworks */ = {
			isa = PBXGroup;
			children = (
				5793DA658733CE71123A4DA3 /* libPods.a */,
			);
			name = Frameworks;
			sourceTree = "<group>";
		};
/* End PBXGroup section */

/* Begin PBXNativeTarget section */
		7DAA57621CD0097000C0DAAC /* SinTraficoRouteAPIDemo */ = {
			isa = PBXNativeTarget;
			buildConfigurationList = 7DAA57901CD0097000C0DAAC /* Build configuration list for PBXNativeTarget "SinTraficoRouteAPIDemo" */;
			buildPhases = (
				D2ABBA19BE751F6C4F301A50 /* Check Pods Manifest.lock */,
				7DAA575F1CD0097000C0DAAC /* Sources */,
				7DAA57601CD0097000C0DAAC /* Frameworks */,
				7DAA57611CD0097000C0DAAC /* Resources */,
				FE6C5CA2D3415E12C53C07C4 /* Embed Pods Frameworks */,
				EA351B3331F40A9ED419F0FA /* Copy Pods Resources */,
			);
			buildRules = (
			);
			dependencies = (
			);
			name = SinTraficoRouteAPIDemo;
			productName = SinTraficoRouteAPIDemo;
			productReference = 7DAA57631CD0097000C0DAAC /* SinTraficoRouteAPIDemo.app */;
			productType = "com.apple.product-type.application";
		};
		7DAA577B1CD0097000C0DAAC /* SinTraficoRouteAPIDemoTests */ = {
			isa = PBXNativeTarget;
			buildConfigurationList = 7DAA57931CD0097000C0DAAC /* Build configuration list for PBXNativeTarget "SinTraficoRouteAPIDemoTests" */;
			buildPhases = (
				7DAA57781CD0097000C0DAAC /* Sources */,
				7DAA57791CD0097000C0DAAC /* Frameworks */,
				7DAA577A1CD0097000C0DAAC /* Resources */,
			);
			buildRules = (
			);
			dependencies = (
				7DAA577E1CD0097000C0DAAC /* PBXTargetDependency */,
			);
			name = SinTraficoRouteAPIDemoTests;
			productName = SinTraficoRouteAPIDemoTests;
			productReference = 7DAA577C1CD0097000C0DAAC /* SinTraficoRouteAPIDemoTests.xctest */;
			productType = "com.apple.product-type.bundle.unit-test";
		};
		7DAA57861CD0097000C0DAAC /* SinTraficoRouteAPIDemoUITests */ = {
			isa = PBXNativeTarget;
			buildConfigurationList = 7DAA57961CD0097000C0DAAC /* Build configuration list for PBXNativeTarget "SinTraficoRouteAPIDemoUITests" */;
			buildPhases = (
				7DAA57831CD0097000C0DAAC /* Sources */,
				7DAA57841CD0097000C0DAAC /* Frameworks */,
				7DAA57851CD0097000C0DAAC /* Resources */,
			);
			buildRules = (
			);
			dependencies = (
				7DAA57891CD0097000C0DAAC /* PBXTargetDependency */,
			);
			name = SinTraficoRouteAPIDemoUITests;
			productName = SinTraficoRouteAPIDemoUITests;
			productReference = 7DAA57871CD0097000C0DAAC /* SinTraficoRouteAPIDemoUITests.xctest */;
			productType = "com.apple.product-type.bundle.ui-testing";
		};
/* End PBXNativeTarget section */

/* Begin PBXProject section */
		7DAA575B1CD0097000C0DAAC /* Project object */ = {
			isa = PBXProject;
			attributes = {
				LastUpgradeCheck = 0730;
				ORGANIZATIONNAME = SinTrafico;
				TargetAttributes = {
					7DAA57621CD0097000C0DAAC = {
						CreatedOnToolsVersion = 7.3;
					};
					7DAA577B1CD0097000C0DAAC = {
						CreatedOnToolsVersion = 7.3;
						TestTargetID = 7DAA57621CD0097000C0DAAC;
					};
					7DAA57861CD0097000C0DAAC = {
						CreatedOnToolsVersion = 7.3;
						TestTargetID = 7DAA57621CD0097000C0DAAC;
					};
				};
			};
			buildConfigurationList = 7DAA575E1CD0097000C0DAAC /* Build configuration list for PBXProject "SinTraficoRouteAPIDemo" */;
			compatibilityVersion = "Xcode 3.2";
			developmentRegion = English;
			hasScannedForEncodings = 0;
			knownRegions = (
				en,
				Base,
			);
			mainGroup = 7DAA575A1CD0097000C0DAAC;
			productRefGroup = 7DAA57641CD0097000C0DAAC /* Products */;
			projectDirPath = "";
			projectRoot = "";
			targets = (
				7DAA57621CD0097000C0DAAC /* SinTraficoRouteAPIDemo */,
				7DAA577B1CD0097000C0DAAC /* SinTraficoRouteAPIDemoTests */,
				7DAA57861CD0097000C0DAAC /* SinTraficoRouteAPIDemoUITests */,
			);
		};
/* End PBXProject section */

/* Begin PBXResourcesBuildPhase section */
		7DAA57611CD0097000C0DAAC /* Resources */ = {
			isa = PBXResourcesBuildPhase;
			buildActionMask = 2147483647;
			files = (
				7DAA57761CD0097000C0DAAC /* LaunchScreen.storyboard in Resources */,
				7DAA57731CD0097000C0DAAC /* Assets.xcassets in Resources */,
				7DAA57711CD0097000C0DAAC /* Main.storyboard in Resources */,
			);
			runOnlyForDeploymentPostprocessing = 0;
		};
		7DAA577A1CD0097000C0DAAC /* Resources */ = {
			isa = PBXResourcesBuildPhase;
			buildActionMask = 2147483647;
			files = (
			);
			runOnlyForDeploymentPostprocessing = 0;
		};
		7DAA57851CD0097000C0DAAC /* Resources */ = {
			isa = PBXResourcesBuildPhase;
			buildActionMask = 2147483647;
			files = (
			);
			runOnlyForDeploymentPostprocessing = 0;
		};
/* End PBXResourcesBuildPhase section */

/* Begin PBXShellScriptBuildPhase section */
		D2ABBA19BE751F6C4F301A50 /* Check Pods Manifest.lock */ = {
			isa = PBXShellScriptBuildPhase;
			buildActionMask = 2147483647;
			files = (
			);
			inputPaths = (
			);
			name = "Check Pods Manifest.lock";
			outputPaths = (
			);
			runOnlyForDeploymentPostprocessing = 0;
			shellPath = /bin/sh;
			shellScript = "diff \"${PODS_ROOT}/../Podfile.lock\" \"${PODS_ROOT}/Manifest.lock\" > /dev/null\nif [[ $? != 0 ]] ; then\n    cat << EOM\nerror: The sandbox is not in sync with the Podfile.lock. Run 'pod install' or update your CocoaPods installation.\nEOM\n    exit 1\nfi\n";
			showEnvVarsInLog = 0;
		};
		EA351B3331F40A9ED419F0FA /* Copy Pods Resources */ = {
			isa = PBXShellScriptBuildPhase;
			buildActionMask = 2147483647;
			files = (
			);
			inputPaths = (
			);
			name = "Copy Pods Resources";
			outputPaths = (
			);
			runOnlyForDeploymentPostprocessing = 0;
			shellPath = /bin/sh;
			shellScript = "\"${SRCROOT}/../Pods/Target Support Files/Pods/Pods-resources.sh\"\n";
			showEnvVarsInLog = 0;
		};
		FE6C5CA2D3415E12C53C07C4 /* Embed Pods Frameworks */ = {
			isa = PBXShellScriptBuildPhase;
			buildActionMask = 2147483647;
			files = (
			);
			inputPaths = (
			);
			name = "Embed Pods Frameworks";
			outputPaths = (
			);
			runOnlyForDeploymentPostprocessing = 0;
			shellPath = /bin/sh;
			shellScript = "\"${SRCROOT}/../Pods/Target Support Files/Pods/Pods-frameworks.sh\"\n";
			showEnvVarsInLog = 0;
		};
/* End PBXShellScriptBuildPhase section */

/* Begin PBXSourcesBuildPhase section */
		7DAA575F1CD0097000C0DAAC /* Sources */ = {
			isa = PBXSourcesBuildPhase;
			buildActionMask = 2147483647;
			files = (
				7DAA576B1CD0097000C0DAAC /* AppDelegate.m in Sources */,
				7DAA57A11CD0168200C0DAAC /* STLocation.m in Sources */,
				7DAA57681CD0097000C0DAAC /* main.m in Sources */,
				7DAA57B91CD1351200C0DAAC /* STRouteNetworking.m in Sources */,
				7DAA579D1CD00F1C00C0DAAC /* MapViewController.m in Sources */,
				7DAA57AC1CD1243C00C0DAAC /* STRouteOptions.m in Sources */,
			);
			runOnlyForDeploymentPostprocessing = 0;
		};
		7DAA57781CD0097000C0DAAC /* Sources */ = {
			isa = PBXSourcesBuildPhase;
			buildActionMask = 2147483647;
			files = (
				7DAA57BA1CD1351200C0DAAC /* STRouteNetworking.m in Sources */,
				7DAA57811CD0097000C0DAAC /* SinTraficoRouteAPIDemoTests.m in Sources */,
				7DAA57A21CD0168200C0DAAC /* STLocation.m in Sources */,
				7DAA57AD1CD1243C00C0DAAC /* STRouteOptions.m in Sources */,
				7DAA579E1CD00F1C00C0DAAC /* MapViewController.m in Sources */,
			);
			runOnlyForDeploymentPostprocessing = 0;
		};
		7DAA57831CD0097000C0DAAC /* Sources */ = {
			isa = PBXSourcesBuildPhase;
			buildActionMask = 2147483647;
			files = (
				7DAA578C1CD0097000C0DAAC /* SinTraficoRouteAPIDemoUITests.m in Sources */,
				7DAA57A31CD0168200C0DAAC /* STLocation.m in Sources */,
				7DAA57AE1CD1243C00C0DAAC /* STRouteOptions.m in Sources */,
				7DAA579F1CD00F1C00C0DAAC /* MapViewController.m in Sources */,
			);
			runOnlyForDeploymentPostprocessing = 0;
		};
/* End PBXSourcesBuildPhase section */

/* Begin PBXTargetDependency section */
		7DAA577E1CD0097000C0DAAC /* PBXTargetDependency */ = {
			isa = PBXTargetDependency;
			target = 7DAA57621CD0097000C0DAAC /* SinTraficoRouteAPIDemo */;
			targetProxy = 7DAA577D1CD0097000C0DAAC /* PBXContainerItemProxy */;
		};
		7DAA57891CD0097000C0DAAC /* PBXTargetDependency */ = {
			isa = PBXTargetDependency;
			target = 7DAA57621CD0097000C0DAAC /* SinTraficoRouteAPIDemo */;
			targetProxy = 7DAA57881CD0097000C0DAAC /* PBXContainerItemProxy */;
		};
/* End PBXTargetDependency section */

/* Begin PBXVariantGroup section */
		7DAA576F1CD0097000C0DAAC /* Main.storyboard */ = {
			isa = PBXVariantGroup;
			children = (
				7DAA57701CD0097000C0DAAC /* Base */,
			);
			name = Main.storyboard;
			sourceTree = "<group>";
		};
		7DAA57741CD0097000C0DAAC /* LaunchScreen.storyboard */ = {
			isa = PBXVariantGroup;
			children = (
				7DAA57751CD0097000C0DAAC /* Base */,
			);
			name = LaunchScreen.storyboard;
			sourceTree = "<group>";
		};
/* End PBXVariantGroup section */

/* Begin XCBuildConfiguration section */
		7DAA578E1CD0097000C0DAAC /* Debug */ = {
			isa = XCBuildConfiguration;
			buildSettings = {
				ALWAYS_SEARCH_USER_PATHS = NO;
				CLANG_ANALYZER_NONNULL = YES;
				CLANG_CXX_LANGUAGE_STANDARD = "gnu++0x";
				CLANG_CXX_LIBRARY = "libc++";
				CLANG_ENABLE_MODULES = YES;
				CLANG_ENABLE_OBJC_ARC = YES;
				CLANG_WARN_BOOL_CONVERSION = YES;
				CLANG_WARN_CONSTANT_CONVERSION = YES;
				CLANG_WARN_DIRECT_OBJC_ISA_USAGE = YES_ERROR;
				CLANG_WARN_EMPTY_BODY = YES;
				CLANG_WARN_ENUM_CONVERSION = YES;
				CLANG_WARN_INT_CONVERSION = YES;
				CLANG_WARN_OBJC_ROOT_CLASS = YES_ERROR;
				CLANG_WARN_UNREACHABLE_CODE = YES;
				CLANG_WARN__DUPLICATE_METHOD_MATCH = YES;
				"CODE_SIGN_IDENTITY[sdk=iphoneos*]" = "iPhone Developer";
				COPY_PHASE_STRIP = NO;
				DEBUG_INFORMATION_FORMAT = dwarf;
				ENABLE_STRICT_OBJC_MSGSEND = YES;
				ENABLE_TESTABILITY = YES;
				GCC_C_LANGUAGE_STANDARD = gnu99;
				GCC_DYNAMIC_NO_PIC = NO;
				GCC_NO_COMMON_BLOCKS = YES;
				GCC_OPTIMIZATION_LEVEL = 0;
				GCC_PREPROCESSOR_DEFINITIONS = (
					"DEBUG=1",
					"$(inherited)",
				);
				GCC_WARN_64_TO_32_BIT_CONVERSION = YES;
				GCC_WARN_ABOUT_RETURN_TYPE = YES_ERROR;
				GCC_WARN_UNDECLARED_SELECTOR = YES;
				GCC_WARN_UNINITIALIZED_AUTOS = YES_AGGRESSIVE;
				GCC_WARN_UNUSED_FUNCTION = YES;
				GCC_WARN_UNUSED_VARIABLE = YES;
				IPHONEOS_DEPLOYMENT_TARGET = 9.3;
				MTL_ENABLE_DEBUG_INFO = YES;
				ONLY_ACTIVE_ARCH = YES;
				SDKROOT = iphoneos;
				TARGETED_DEVICE_FAMILY = "1,2";
			};
			name = Debug;
		};
		7DAA578F1CD0097000C0DAAC /* Release */ = {
			isa = XCBuildConfiguration;
			buildSettings = {
				ALWAYS_SEARCH_USER_PATHS = NO;
				CLANG_ANALYZER_NONNULL = YES;
				CLANG_CXX_LANGUAGE_STANDARD = "gnu++0x";
				CLANG_CXX_LIBRARY = "libc++";
				CLANG_ENABLE_MODULES = YES;
				CLANG_ENABLE_OBJC_ARC = YES;
				CLANG_WARN_BOOL_CONVERSION = YES;
				CLANG_WARN_CONSTANT_CONVERSION = YES;
				CLANG_WARN_DIRECT_OBJC_ISA_USAGE = YES_ERROR;
				CLANG_WARN_EMPTY_BODY = YES;
				CLANG_WARN_ENUM_CONVERSION = YES;
				CLANG_WARN_INT_CONVERSION = YES;
				CLANG_WARN_OBJC_ROOT_CLASS = YES_ERROR;
				CLANG_WARN_UNREACHABLE_CODE = YES;
				CLANG_WARN__DUPLICATE_METHOD_MATCH = YES;
				"CODE_SIGN_IDENTITY[sdk=iphoneos*]" = "iPhone Developer";
				COPY_PHASE_STRIP = NO;
				DEBUG_INFORMATION_FORMAT = "dwarf-with-dsym";
				ENABLE_NS_ASSERTIONS = NO;
				ENABLE_STRICT_OBJC_MSGSEND = YES;
				GCC_C_LANGUAGE_STANDARD = gnu99;
				GCC_NO_COMMON_BLOCKS = YES;
				GCC_WARN_64_TO_32_BIT_CONVERSION = YES;
				GCC_WARN_ABOUT_RETURN_TYPE = YES_ERROR;
				GCC_WARN_UNDECLARED_SELECTOR = YES;
				GCC_WARN_UNINITIALIZED_AUTOS = YES_AGGRESSIVE;
				GCC_WARN_UNUSED_FUNCTION = YES;
				GCC_WARN_UNUSED_VARIABLE = YES;
				IPHONEOS_DEPLOYMENT_TARGET = 9.3;
				MTL_ENABLE_DEBUG_INFO = NO;
				SDKROOT = iphoneos;
				TARGETED_DEVICE_FAMILY = "1,2";
				VALIDATE_PRODUCT = YES;
			};
			name = Release;
		};
		7DAA57911CD0097000C0DAAC /* Debug */ = {
			isa = XCBuildConfiguration;
			baseConfigurationReference = 9B1881297343D270A1E7448C /* Pods.debug.xcconfig */;
			buildSettings = {
				ASSETCATALOG_COMPILER_APPICON_NAME = AppIcon;
				INFOPLIST_FILE = SinTraficoRouteAPIDemo/Info.plist;
				LD_RUNPATH_SEARCH_PATHS = "$(inherited) @executable_path/Frameworks";
				PRODUCT_BUNDLE_IDENTIFIER = st.SinTraficoRouteAPIDemo;
				PRODUCT_NAME = "$(TARGET_NAME)";
			};
			name = Debug;
		};
		7DAA57921CD0097000C0DAAC /* Release */ = {
			isa = XCBuildConfiguration;
			baseConfigurationReference = 32711DB3C7FB2E15AF8EF34B /* Pods.release.xcconfig */;
			buildSettings = {
				ASSETCATALOG_COMPILER_APPICON_NAME = AppIcon;
				INFOPLIST_FILE = SinTraficoRouteAPIDemo/Info.plist;
				LD_RUNPATH_SEARCH_PATHS = "$(inherited) @executable_path/Frameworks";
				PRODUCT_BUNDLE_IDENTIFIER = st.SinTraficoRouteAPIDemo;
				PRODUCT_NAME = "$(TARGET_NAME)";
			};
			name = Release;
		};
		7DAA57941CD0097000C0DAAC /* Debug */ = {
			isa = XCBuildConfiguration;
			buildSettings = {
				BUNDLE_LOADER = "$(TEST_HOST)";
				INFOPLIST_FILE = SinTraficoRouteAPIDemoTests/Info.plist;
				LD_RUNPATH_SEARCH_PATHS = "$(inherited) @executable_path/Frameworks @loader_path/Frameworks";
				PRODUCT_BUNDLE_IDENTIFIER = st.SinTraficoRouteAPIDemoTests;
				PRODUCT_NAME = "$(TARGET_NAME)";
				TEST_HOST = "$(BUILT_PRODUCTS_DIR)/SinTraficoRouteAPIDemo.app/SinTraficoRouteAPIDemo";
			};
			name = Debug;
		};
		7DAA57951CD0097000C0DAAC /* Release */ = {
			isa = XCBuildConfiguration;
			buildSettings = {
				BUNDLE_LOADER = "$(TEST_HOST)";
				INFOPLIST_FILE = SinTraficoRouteAPIDemoTests/Info.plist;
				LD_RUNPATH_SEARCH_PATHS = "$(inherited) @executable_path/Frameworks @loader_path/Frameworks";
				PRODUCT_BUNDLE_IDENTIFIER = st.SinTraficoRouteAPIDemoTests;
				PRODUCT_NAME = "$(TARGET_NAME)";
				TEST_HOST = "$(BUILT_PRODUCTS_DIR)/SinTraficoRouteAPIDemo.app/SinTraficoRouteAPIDemo";
			};
			name = Release;
		};
		7DAA57971CD0097000C0DAAC /* Debug */ = {
			isa = XCBuildConfiguration;
			buildSettings = {
				INFOPLIST_FILE = SinTraficoRouteAPIDemoUITests/Info.plist;
				LD_RUNPATH_SEARCH_PATHS = "$(inherited) @executable_path/Frameworks @loader_path/Frameworks";
				PRODUCT_BUNDLE_IDENTIFIER = st.SinTraficoRouteAPIDemoUITests;
				PRODUCT_NAME = "$(TARGET_NAME)";
				TEST_TARGET_NAME = SinTraficoRouteAPIDemo;
			};
			name = Debug;
		};
		7DAA57981CD0097000C0DAAC /* Release */ = {
			isa = XCBuildConfiguration;
			buildSettings = {
				INFOPLIST_FILE = SinTraficoRouteAPIDemoUITests/Info.plist;
				LD_RUNPATH_SEARCH_PATHS = "$(inherited) @executable_path/Frameworks @loader_path/Frameworks";
				PRODUCT_BUNDLE_IDENTIFIER = st.SinTraficoRouteAPIDemoUITests;
				PRODUCT_NAME = "$(TARGET_NAME)";
				TEST_TARGET_NAME = SinTraficoRouteAPIDemo;
			};
			name = Release;
		};
/* End XCBuildConfiguration section */

/* Begin XCConfigurationList section */
		7DAA575E1CD0097000C0DAAC /* Build configuration list for PBXProject "SinTraficoRouteAPIDemo" */ = {
			isa = XCConfigurationList;
			buildConfigurations = (
				7DAA578E1CD0097000C0DAAC /* Debug */,
				7DAA578F1CD0097000C0DAAC /* Release */,
			);
			defaultConfigurationIsVisible = 0;
			defaultConfigurationName = Release;
		};
		7DAA57901CD0097000C0DAAC /* Build configuration list for PBXNativeTarget "SinTraficoRouteAPIDemo" */ = {
			isa = XCConfigurationList;
			buildConfigurations = (
				7DAA57911CD0097000C0DAAC /* Debug */,
				7DAA57921CD0097000C0DAAC /* Release */,
			);
			defaultConfigurationIsVisible = 0;
			defaultConfigurationName = Release;
		};
		7DAA57931CD0097000C0DAAC /* Build configuration list for PBXNativeTarget "SinTraficoRouteAPIDemoTests" */ = {
			isa = XCConfigurationList;
			buildConfigurations = (
				7DAA57941CD0097000C0DAAC /* Debug */,
				7DAA57951CD0097000C0DAAC /* Release */,
			);
			defaultConfigurationIsVisible = 0;
			defaultConfigurationName = Release;
		};
		7DAA57961CD0097000C0DAAC /* Build configuration list for PBXNativeTarget "SinTraficoRouteAPIDemoUITests" */ = {
			isa = XCConfigurationList;
			buildConfigurations = (
				7DAA57971CD0097000C0DAAC /* Debug */,
				7DAA57981CD0097000C0DAAC /* Release */,
			);
			defaultConfigurationIsVisible = 0;
			defaultConfigurationName = Release;
		};
/* End XCConfigurationList section */
	};
	rootObject = 7DAA575B1CD0097000C0DAAC /* Project object */;
}
